// !$*UTF8*$!
{
	archiveVersion = 1;
	classes = {
	};
	objectVersion = 46;
	objects = {

/* Begin PBXBuildFile section */
		3D6694141A2C870100F08236 /* MessageUI.framework in Frameworks */ = {isa = PBXBuildFile; fileRef = 3D6694131A2C870100F08236 /* MessageUI.framework */; };
		3D6694171A2C8FEA00F08236 /* CreateView.m in Sources */ = {isa = PBXBuildFile; fileRef = 3D6694161A2C8FEA00F08236 /* CreateView.m */; };
		42518CCE1A2C524400C2F2B3 /* MockData.m in Sources */ = {isa = PBXBuildFile; fileRef = 42518CCD1A2C524400C2F2B3 /* MockData.m */; };
		42518CD11A2C52B000C2F2B3 /* Person.m in Sources */ = {isa = PBXBuildFile; fileRef = 42518CD01A2C52B000C2F2B3 /* Person.m */; };
		42518CD41A2C5D0300C2F2B3 /* PersonBar.m in Sources */ = {isa = PBXBuildFile; fileRef = 42518CD31A2C5D0300C2F2B3 /* PersonBar.m */; };
		42518CDA1A2C62DE00C2F2B3 /* MessageView.m in Sources */ = {isa = PBXBuildFile; fileRef = 42518CD91A2C62DE00C2F2B3 /* MessageView.m */; };
		42518CDE1A2C652500C2F2B3 /* ActivityHeaderBar.m in Sources */ = {isa = PBXBuildFile; fileRef = 42518CDD1A2C652500C2F2B3 /* ActivityHeaderBar.m */; };
		42518CE41A2C900D00C2F2B3 /* RecentActivityView.m in Sources */ = {isa = PBXBuildFile; fileRef = 42518CE31A2C900D00C2F2B3 /* RecentActivityView.m */; };
		42518CE71A2C901700C2F2B3 /* RecentBar.m in Sources */ = {isa = PBXBuildFile; fileRef = 42518CE61A2C901700C2F2B3 /* RecentBar.m */; };
		4264EAD51A1BE7A70028078D /* main.m in Sources */ = {isa = PBXBuildFile; fileRef = 4264EAD41A1BE7A70028078D /* main.m */; };
		4264EAD81A1BE7A70028078D /* AppDelegate.m in Sources */ = {isa = PBXBuildFile; fileRef = 4264EAD71A1BE7A70028078D /* AppDelegate.m */; };
		4264EADB1A1BE7A70028078D /* MainViewController.m in Sources */ = {isa = PBXBuildFile; fileRef = 4264EADA1A1BE7A70028078D /* MainViewController.m */; };
		4264EAE11A1BE7A70028078D /* Main.storyboard in Resources */ = {isa = PBXBuildFile; fileRef = 4264EADF1A1BE7A70028078D /* Main.storyboard */; };
		4264EAE31A1BE7A70028078D /* Images.xcassets in Resources */ = {isa = PBXBuildFile; fileRef = 4264EAE21A1BE7A70028078D /* Images.xcassets */; };
		4264EAE61A1BE7A70028078D /* LaunchScreen.xib in Resources */ = {isa = PBXBuildFile; fileRef = 4264EAE41A1BE7A70028078D /* LaunchScreen.xib */; };
		4264EAF21A1BE7A70028078D /* MixTests.m in Sources */ = {isa = PBXBuildFile; fileRef = 4264EAF11A1BE7A70028078D /* MixTests.m */; };
		4264EAFF1A1BE7CC0028078D /* Activity.m in Sources */ = {isa = PBXBuildFile; fileRef = 4264EAFC1A1BE7CC0028078D /* Activity.m */; };
		4264EB001A1BE7CC0028078D /* ActivityExploreView.m in Sources */ = {isa = PBXBuildFile; fileRef = 4264EAFE1A1BE7CC0028078D /* ActivityExploreView.m */; };
		4264EB031A1BE86C0028078D /* ActivityBar.m in Sources */ = {isa = PBXBuildFile; fileRef = 4264EB021A1BE86C0028078D /* ActivityBar.m */; };
		4264EB081A1C28930028078D /* MapKit.framework in Frameworks */ = {isa = PBXBuildFile; fileRef = 4264EB071A1C28930028078D /* MapKit.framework */; };
/* End PBXBuildFile section */

/* Begin PBXContainerItemProxy section */
		4264EAEC1A1BE7A70028078D /* PBXContainerItemProxy */ = {
			isa = PBXContainerItemProxy;
			containerPortal = 4264EAC71A1BE7A70028078D /* Project object */;
			proxyType = 1;
			remoteGlobalIDString = 4264EACE1A1BE7A70028078D;
			remoteInfo = Mix;
		};
/* End PBXContainerItemProxy section */

/* Begin PBXFileReference section */
		3D6694131A2C870100F08236 /* MessageUI.framework */ = {isa = PBXFileReference; lastKnownFileType = wrapper.framework; name = MessageUI.framework; path = System/Library/Frameworks/MessageUI.framework; sourceTree = SDKROOT; };
		3D6694151A2C8FEA00F08236 /* CreateView.h */ = {isa = PBXFileReference; fileEncoding = 4; lastKnownFileType = sourcecode.c.h; path = CreateView.h; sourceTree = "<group>"; };
		3D6694161A2C8FEA00F08236 /* CreateView.m */ = {isa = PBXFileReference; fileEncoding = 4; lastKnownFileType = sourcecode.c.objc; path = CreateView.m; sourceTree = "<group>"; };
		42518CCC1A2C524400C2F2B3 /* MockData.h */ = {isa = PBXFileReference; fileEncoding = 4; lastKnownFileType = sourcecode.c.h; path = MockData.h; sourceTree = "<group>"; };
		42518CCD1A2C524400C2F2B3 /* MockData.m */ = {isa = PBXFileReference; fileEncoding = 4; lastKnownFileType = sourcecode.c.objc; path = MockData.m; sourceTree = "<group>"; };
		42518CCF1A2C52B000C2F2B3 /* Person.h */ = {isa = PBXFileReference; fileEncoding = 4; lastKnownFileType = sourcecode.c.h; path = Person.h; sourceTree = "<group>"; };
		42518CD01A2C52B000C2F2B3 /* Person.m */ = {isa = PBXFileReference; fileEncoding = 4; lastKnownFileType = sourcecode.c.objc; path = Person.m; sourceTree = "<group>"; };
		42518CD21A2C5D0300C2F2B3 /* PersonBar.h */ = {isa = PBXFileReference; fileEncoding = 4; lastKnownFileType = sourcecode.c.h; path = PersonBar.h; sourceTree = "<group>"; };
		42518CD31A2C5D0300C2F2B3 /* PersonBar.m */ = {isa = PBXFileReference; fileEncoding = 4; lastKnownFileType = sourcecode.c.objc; path = PersonBar.m; sourceTree = "<group>"; };
		42518CD81A2C62DE00C2F2B3 /* MessageView.h */ = {isa = PBXFileReference; fileEncoding = 4; lastKnownFileType = sourcecode.c.h; name = MessageView.h; path = ../MessageView.h; sourceTree = "<group>"; };
		42518CD91A2C62DE00C2F2B3 /* MessageView.m */ = {isa = PBXFileReference; fileEncoding = 4; lastKnownFileType = sourcecode.c.objc; name = MessageView.m; path = ../MessageView.m; sourceTree = "<group>"; };
		42518CDC1A2C652500C2F2B3 /* ActivityHeaderBar.h */ = {isa = PBXFileReference; fileEncoding = 4; lastKnownFileType = sourcecode.c.h; path = ActivityHeaderBar.h; sourceTree = "<group>"; };
		42518CDD1A2C652500C2F2B3 /* ActivityHeaderBar.m */ = {isa = PBXFileReference; fileEncoding = 4; lastKnownFileType = sourcecode.c.objc; path = ActivityHeaderBar.m; sourceTree = "<group>"; };
		42518CE21A2C900D00C2F2B3 /* RecentActivityView.h */ = {isa = PBXFileReference; fileEncoding = 4; lastKnownFileType = sourcecode.c.h; path = RecentActivityView.h; sourceTree = "<group>"; };
		42518CE31A2C900D00C2F2B3 /* RecentActivityView.m */ = {isa = PBXFileReference; fileEncoding = 4; lastKnownFileType = sourcecode.c.objc; path = RecentActivityView.m; sourceTree = "<group>"; };
		42518CE51A2C901700C2F2B3 /* RecentBar.h */ = {isa = PBXFileReference; fileEncoding = 4; lastKnownFileType = sourcecode.c.h; path = RecentBar.h; sourceTree = "<group>"; };
		42518CE61A2C901700C2F2B3 /* RecentBar.m */ = {isa = PBXFileReference; fileEncoding = 4; lastKnownFileType = sourcecode.c.objc; path = RecentBar.m; sourceTree = "<group>"; };
		4264EACF1A1BE7A70028078D /* Mix.app */ = {isa = PBXFileReference; explicitFileType = wrapper.application; includeInIndex = 0; path = Mix.app; sourceTree = BUILT_PRODUCTS_DIR; };
		4264EAD31A1BE7A70028078D /* Info.plist */ = {isa = PBXFileReference; lastKnownFileType = text.plist.xml; path = Info.plist; sourceTree = "<group>"; };
		4264EAD41A1BE7A70028078D /* main.m */ = {isa = PBXFileReference; lastKnownFileType = sourcecode.c.objc; path = main.m; sourceTree = "<group>"; };
		4264EAD61A1BE7A70028078D /* AppDelegate.h */ = {isa = PBXFileReference; lastKnownFileType = sourcecode.c.h; path = AppDelegate.h; sourceTree = "<group>"; };
		4264EAD71A1BE7A70028078D /* AppDelegate.m */ = {isa = PBXFileReference; lastKnownFileType = sourcecode.c.objc; path = AppDelegate.m; sourceTree = "<group>"; };
		4264EAD91A1BE7A70028078D /* MainViewController.h */ = {isa = PBXFileReference; lastKnownFileType = sourcecode.c.h; path = MainViewController.h; sourceTree = "<group>"; };
		4264EADA1A1BE7A70028078D /* MainViewController.m */ = {isa = PBXFileReference; lastKnownFileType = sourcecode.c.objc; path = MainViewController.m; sourceTree = "<group>"; };
		4264EAE01A1BE7A70028078D /* Base */ = {isa = PBXFileReference; lastKnownFileType = file.storyboard; name = Base; path = Base.lproj/Main.storyboard; sourceTree = "<group>"; };
		4264EAE21A1BE7A70028078D /* Images.xcassets */ = {isa = PBXFileReference; lastKnownFileType = folder.assetcatalog; path = Images.xcassets; sourceTree = "<group>"; };
		4264EAE51A1BE7A70028078D /* Base */ = {isa = PBXFileReference; lastKnownFileType = file.xib; name = Base; path = Base.lproj/LaunchScreen.xib; sourceTree = "<group>"; };
		4264EAEB1A1BE7A70028078D /* MixTests.xctest */ = {isa = PBXFileReference; explicitFileType = wrapper.cfbundle; includeInIndex = 0; path = MixTests.xctest; sourceTree = BUILT_PRODUCTS_DIR; };
		4264EAF01A1BE7A70028078D /* Info.plist */ = {isa = PBXFileReference; lastKnownFileType = text.plist.xml; path = Info.plist; sourceTree = "<group>"; };
		4264EAF11A1BE7A70028078D /* MixTests.m */ = {isa = PBXFileReference; lastKnownFileType = sourcecode.c.objc; path = MixTests.m; sourceTree = "<group>"; };
		4264EAFB1A1BE7CC0028078D /* Activity.h */ = {isa = PBXFileReference; fileEncoding = 4; lastKnownFileType = sourcecode.c.h; path = Activity.h; sourceTree = "<group>"; };
		4264EAFC1A1BE7CC0028078D /* Activity.m */ = {isa = PBXFileReference; fileEncoding = 4; lastKnownFileType = sourcecode.c.objc; path = Activity.m; sourceTree = "<group>"; };
		4264EAFD1A1BE7CC0028078D /* ActivityExploreView.h */ = {isa = PBXFileReference; fileEncoding = 4; lastKnownFileType = sourcecode.c.h; path = ActivityExploreView.h; sourceTree = "<group>"; };
		4264EAFE1A1BE7CC0028078D /* ActivityExploreView.m */ = {isa = PBXFileReference; fileEncoding = 4; lastKnownFileType = sourcecode.c.objc; path = ActivityExploreView.m; sourceTree = "<group>"; };
		4264EB011A1BE86C0028078D /* ActivityBar.h */ = {isa = PBXFileReference; fileEncoding = 4; lastKnownFileType = sourcecode.c.h; path = ActivityBar.h; sourceTree = "<group>"; };
		4264EB021A1BE86C0028078D /* ActivityBar.m */ = {isa = PBXFileReference; fileEncoding = 4; lastKnownFileType = sourcecode.c.objc; path = ActivityBar.m; sourceTree = "<group>"; };
		4264EB061A1C15F90028078D /* Constants.h */ = {isa = PBXFileReference; lastKnownFileType = sourcecode.c.h; path = Constants.h; sourceTree = "<group>"; };
		4264EB071A1C28930028078D /* MapKit.framework */ = {isa = PBXFileReference; lastKnownFileType = wrapper.framework; name = MapKit.framework; path = System/Library/Frameworks/MapKit.framework; sourceTree = SDKROOT; };
/* End PBXFileReference section */

/* Begin PBXFrameworksBuildPhase section */
		4264EACC1A1BE7A70028078D /* Frameworks */ = {
			isa = PBXFrameworksBuildPhase;
			buildActionMask = 2147483647;
			files = (
				3D6694141A2C870100F08236 /* MessageUI.framework in Frameworks */,
				4264EB081A1C28930028078D /* MapKit.framework in Frameworks */,
			);
			runOnlyForDeploymentPostprocessing = 0;
		};
		4264EAE81A1BE7A70028078D /* Frameworks */ = {
			isa = PBXFrameworksBuildPhase;
			buildActionMask = 2147483647;
			files = (
			);
			runOnlyForDeploymentPostprocessing = 0;
		};
/* End PBXFrameworksBuildPhase section */

/* Begin PBXGroup section */
		3D6694181A2C8FF100F08236 /* CreateView */ = {
			isa = PBXGroup;
			children = (
				3D6694151A2C8FEA00F08236 /* CreateView.h */,
				3D6694161A2C8FEA00F08236 /* CreateView.m */,
			);
			name = CreateView;
			sourceTree = "<group>";
		};
		42518CDB1A2C650500C2F2B3 /* MessageView */ = {
			isa = PBXGroup;
			children = (
				42518CD81A2C62DE00C2F2B3 /* MessageView.h */,
				42518CD91A2C62DE00C2F2B3 /* MessageView.m */,
				42518CD21A2C5D0300C2F2B3 /* PersonBar.h */,
				42518CD31A2C5D0300C2F2B3 /* PersonBar.m */,
				42518CDC1A2C652500C2F2B3 /* ActivityHeaderBar.h */,
				42518CDD1A2C652500C2F2B3 /* ActivityHeaderBar.m */,
			);
			name = MessageView;
			sourceTree = "<group>";
		};
		42518CDF1A2C7C8900C2F2B3 /* Model */ = {
			isa = PBXGroup;
			children = (
				4264EAFB1A1BE7CC0028078D /* Activity.h */,
				4264EAFC1A1BE7CC0028078D /* Activity.m */,
				42518CCF1A2C52B000C2F2B3 /* Person.h */,
				42518CD01A2C52B000C2F2B3 /* Person.m */,
			);
			name = Model;
			sourceTree = "<group>";
		};
		42518CE01A2C8FD600C2F2B3 /* Explore */ = {
			isa = PBXGroup;
			children = (
				4264EAFD1A1BE7CC0028078D /* ActivityExploreView.h */,
				4264EAFE1A1BE7CC0028078D /* ActivityExploreView.m */,
				4264EB011A1BE86C0028078D /* ActivityBar.h */,
				4264EB021A1BE86C0028078D /* ActivityBar.m */,
			);
			name = Explore;
			sourceTree = "<group>";
		};
		42518CE11A2C8FEC00C2F2B3 /* Recent */ = {
			isa = PBXGroup;
			children = (
				42518CE21A2C900D00C2F2B3 /* RecentActivityView.h */,
				42518CE31A2C900D00C2F2B3 /* RecentActivityView.m */,
				42518CE51A2C901700C2F2B3 /* RecentBar.h */,
				42518CE61A2C901700C2F2B3 /* RecentBar.m */,
			);
			name = Recent;
			sourceTree = "<group>";
		};
		4264EAC61A1BE7A70028078D = {
			isa = PBXGroup;
			children = (
				3D6694131A2C870100F08236 /* MessageUI.framework */,
				4264EB071A1C28930028078D /* MapKit.framework */,
				4264EAD11A1BE7A70028078D /* Mix */,
				4264EAEE1A1BE7A70028078D /* MixTests */,
				4264EAD01A1BE7A70028078D /* Products */,
			);
			sourceTree = "<group>";
		};
		4264EAD01A1BE7A70028078D /* Products */ = {
			isa = PBXGroup;
			children = (
				4264EACF1A1BE7A70028078D /* Mix.app */,
				4264EAEB1A1BE7A70028078D /* MixTests.xctest */,
			);
			name = Products;
			sourceTree = "<group>";
		};
		4264EAD11A1BE7A70028078D /* Mix */ = {
			isa = PBXGroup;
			children = (
				4264EB061A1C15F90028078D /* Constants.h */,
				4264EAD61A1BE7A70028078D /* AppDelegate.h */,
				4264EAD71A1BE7A70028078D /* AppDelegate.m */,
				4264EAD91A1BE7A70028078D /* MainViewController.h */,
				4264EADA1A1BE7A70028078D /* MainViewController.m */,
				42518CE11A2C8FEC00C2F2B3 /* Recent */,
				42518CE01A2C8FD600C2F2B3 /* Explore */,
				42518CDB1A2C650500C2F2B3 /* MessageView */,
				3D6694181A2C8FF100F08236 /* CreateView */,
				42518CDF1A2C7C8900C2F2B3 /* Model */,
				42518CCC1A2C524400C2F2B3 /* MockData.h */,
				42518CCD1A2C524400C2F2B3 /* MockData.m */,
				4264EADF1A1BE7A70028078D /* Main.storyboard */,
				4264EAE21A1BE7A70028078D /* Images.xcassets */,
				4264EAE41A1BE7A70028078D /* LaunchScreen.xib */,
				4264EAD21A1BE7A70028078D /* Supporting Files */,
			);
			path = Mix;
			sourceTree = "<group>";
		};
		4264EAD21A1BE7A70028078D /* Supporting Files */ = {
			isa = PBXGroup;
			children = (
				4264EAD31A1BE7A70028078D /* Info.plist */,
				4264EAD41A1BE7A70028078D /* main.m */,
			);
			name = "Supporting Files";
			sourceTree = "<group>";
		};
		4264EAEE1A1BE7A70028078D /* MixTests */ = {
			isa = PBXGroup;
			children = (
				4264EAF11A1BE7A70028078D /* MixTests.m */,
				4264EAEF1A1BE7A70028078D /* Supporting Files */,
			);
			path = MixTests;
			sourceTree = "<group>";
		};
		4264EAEF1A1BE7A70028078D /* Supporting Files */ = {
			isa = PBXGroup;
			children = (
				4264EAF01A1BE7A70028078D /* Info.plist */,
			);
			name = "Supporting Files";
			sourceTree = "<group>";
		};
/* End PBXGroup section */

/* Begin PBXNativeTarget section */
		4264EACE1A1BE7A70028078D /* Mix */ = {
			isa = PBXNativeTarget;
			buildConfigurationList = 4264EAF51A1BE7A70028078D /* Build configuration list for PBXNativeTarget "Mix" */;
			buildPhases = (
				4264EACB1A1BE7A70028078D /* Sources */,
				4264EACC1A1BE7A70028078D /* Frameworks */,
				4264EACD1A1BE7A70028078D /* Resources */,
			);
			buildRules = (
			);
			dependencies = (
			);
			name = Mix;
			productName = Mix;
			productReference = 4264EACF1A1BE7A70028078D /* Mix.app */;
			productType = "com.apple.product-type.application";
		};
		4264EAEA1A1BE7A70028078D /* MixTests */ = {
			isa = PBXNativeTarget;
			buildConfigurationList = 4264EAF81A1BE7A70028078D /* Build configuration list for PBXNativeTarget "MixTests" */;
			buildPhases = (
				4264EAE71A1BE7A70028078D /* Sources */,
				4264EAE81A1BE7A70028078D /* Frameworks */,
				4264EAE91A1BE7A70028078D /* Resources */,
			);
			buildRules = (
			);
			dependencies = (
				4264EAED1A1BE7A70028078D /* PBXTargetDependency */,
			);
			name = MixTests;
			productName = MixTests;
			productReference = 4264EAEB1A1BE7A70028078D /* MixTests.xctest */;
			productType = "com.apple.product-type.bundle.unit-test";
		};
/* End PBXNativeTarget section */

/* Begin PBXProject section */
		4264EAC71A1BE7A70028078D /* Project object */ = {
			isa = PBXProject;
			attributes = {
				LastUpgradeCheck = 0610;
				ORGANIZATIONNAME = "Kirby Gee - Stanford Univeristy";
				TargetAttributes = {
					4264EACE1A1BE7A70028078D = {
						CreatedOnToolsVersion = 6.1;
					};
					4264EAEA1A1BE7A70028078D = {
						CreatedOnToolsVersion = 6.1;
						TestTargetID = 4264EACE1A1BE7A70028078D;
					};
				};
			};
			buildConfigurationList = 4264EACA1A1BE7A70028078D /* Build configuration list for PBXProject "Mix" */;
			compatibilityVersion = "Xcode 3.2";
			developmentRegion = English;
			hasScannedForEncodings = 0;
			knownRegions = (
				en,
				Base,
			);
			mainGroup = 4264EAC61A1BE7A70028078D;
			productRefGroup = 4264EAD01A1BE7A70028078D /* Products */;
			projectDirPath = "";
			projectRoot = "";
			targets = (
				4264EACE1A1BE7A70028078D /* Mix */,
				4264EAEA1A1BE7A70028078D /* MixTests */,
			);
		};
/* End PBXProject section */

/* Begin PBXResourcesBuildPhase section */
		4264EACD1A1BE7A70028078D /* Resources */ = {
			isa = PBXResourcesBuildPhase;
			buildActionMask = 2147483647;
			files = (
				4264EAE11A1BE7A70028078D /* Main.storyboard in Resources */,
				4264EAE61A1BE7A70028078D /* LaunchScreen.xib in Resources */,
				4264EAE31A1BE7A70028078D /* Images.xcassets in Resources */,
			);
			runOnlyForDeploymentPostprocessing = 0;
		};
		4264EAE91A1BE7A70028078D /* Resources */ = {
			isa = PBXResourcesBuildPhase;
			buildActionMask = 2147483647;
			files = (
			);
			runOnlyForDeploymentPostprocessing = 0;
		};
/* End PBXResourcesBuildPhase section */

/* Begin PBXSourcesBuildPhase section */
		4264EACB1A1BE7A70028078D /* Sources */ = {
			isa = PBXSourcesBuildPhase;
			buildActionMask = 2147483647;
			files = (
				42518CDE1A2C652500C2F2B3 /* ActivityHeaderBar.m in Sources */,
				42518CE41A2C900D00C2F2B3 /* RecentActivityView.m in Sources */,
				42518CDA1A2C62DE00C2F2B3 /* MessageView.m in Sources */,
				4264EB001A1BE7CC0028078D /* ActivityExploreView.m in Sources */,
				42518CE71A2C901700C2F2B3 /* RecentBar.m in Sources */,
				42518CD11A2C52B000C2F2B3 /* Person.m in Sources */,
				4264EAD81A1BE7A70028078D /* AppDelegate.m in Sources */,
				4264EADB1A1BE7A70028078D /* MainViewController.m in Sources */,
				4264EAD51A1BE7A70028078D /* main.m in Sources */,
				4264EB031A1BE86C0028078D /* ActivityBar.m in Sources */,
				42518CD41A2C5D0300C2F2B3 /* PersonBar.m in Sources */,
				42518CCE1A2C524400C2F2B3 /* MockData.m in Sources */,
				3D6694171A2C8FEA00F08236 /* CreateView.m in Sources */,
				4264EAFF1A1BE7CC0028078D /* Activity.m in Sources */,
			);
			runOnlyForDeploymentPostprocessing = 0;
		};
		4264EAE71A1BE7A70028078D /* Sources */ = {
			isa = PBXSourcesBuildPhase;
			buildActionMask = 2147483647;
			files = (
				4264EAF21A1BE7A70028078D /* MixTests.m in Sources */,
			);
			runOnlyForDeploymentPostprocessing = 0;
		};
/* End PBXSourcesBuildPhase section */

/* Begin PBXTargetDependency section */
		4264EAED1A1BE7A70028078D /* PBXTargetDependency */ = {
			isa = PBXTargetDependency;
			target = 4264EACE1A1BE7A70028078D /* Mix */;
			targetProxy = 4264EAEC1A1BE7A70028078D /* PBXContainerItemProxy */;
		};
/* End PBXTargetDependency section */

/* Begin PBXVariantGroup section */
		4264EADF1A1BE7A70028078D /* Main.storyboard */ = {
			isa = PBXVariantGroup;
			children = (
				4264EAE01A1BE7A70028078D /* Base */,
			);
			name = Main.storyboard;
			sourceTree = "<group>";
		};
		4264EAE41A1BE7A70028078D /* LaunchScreen.xib */ = {
			isa = PBXVariantGroup;
			children = (
				4264EAE51A1BE7A70028078D /* Base */,
			);
			name = LaunchScreen.xib;
			sourceTree = "<group>";
		};
/* End PBXVariantGroup section */

/* Begin XCBuildConfiguration section */
		4264EAF31A1BE7A70028078D /* Debug */ = {
			isa = XCBuildConfiguration;
			buildSettings = {
				ALWAYS_SEARCH_USER_PATHS = NO;
				CLANG_CXX_LANGUAGE_STANDARD = "gnu++0x";
				CLANG_CXX_LIBRARY = "libc++";
				CLANG_ENABLE_MODULES = YES;
				CLANG_ENABLE_OBJC_ARC = YES;
				CLANG_WARN_BOOL_CONVERSION = YES;
				CLANG_WARN_CONSTANT_CONVERSION = YES;
				CLANG_WARN_DIRECT_OBJC_ISA_USAGE = YES_ERROR;
				CLANG_WARN_EMPTY_BODY = YES;
				CLANG_WARN_ENUM_CONVERSION = YES;
				CLANG_WARN_INT_CONVERSION = YES;
				CLANG_WARN_OBJC_ROOT_CLASS = YES_ERROR;
				CLANG_WARN_UNREACHABLE_CODE = YES;
				CLANG_WARN__DUPLICATE_METHOD_MATCH = YES;
				"CODE_SIGN_IDENTITY[sdk=iphoneos*]" = "iPhone Developer";
				COPY_PHASE_STRIP = NO;
				ENABLE_STRICT_OBJC_MSGSEND = YES;
				GCC_C_LANGUAGE_STANDARD = gnu99;
				GCC_DYNAMIC_NO_PIC = NO;
				GCC_OPTIMIZATION_LEVEL = 0;
				GCC_PREPROCESSOR_DEFINITIONS = (
					"DEBUG=1",
					"$(inherited)",
				);
				GCC_SYMBOLS_PRIVATE_EXTERN = NO;
				GCC_WARN_64_TO_32_BIT_CONVERSION = YES;
				GCC_WARN_ABOUT_RETURN_TYPE = YES_ERROR;
				GCC_WARN_UNDECLARED_SELECTOR = YES;
				GCC_WARN_UNINITIALIZED_AUTOS = YES_AGGRESSIVE;
				GCC_WARN_UNUSED_FUNCTION = YES;
				GCC_WARN_UNUSED_VARIABLE = YES;
				IPHONEOS_DEPLOYMENT_TARGET = 8.1;
				MTL_ENABLE_DEBUG_INFO = YES;
				ONLY_ACTIVE_ARCH = YES;
				SDKROOT = iphoneos;
			};
			name = Debug;
		};
		4264EAF41A1BE7A70028078D /* Release */ = {
			isa = XCBuildConfiguration;
			buildSettings = {
				ALWAYS_SEARCH_USER_PATHS = NO;
				CLANG_CXX_LANGUAGE_STANDARD = "gnu++0x";
				CLANG_CXX_LIBRARY = "libc++";
				CLANG_ENABLE_MODULES = YES;
				CLANG_ENABLE_OBJC_ARC = YES;
				CLANG_WARN_BOOL_CONVERSION = YES;
				CLANG_WARN_CONSTANT_CONVERSION = YES;
				CLANG_WARN_DIRECT_OBJC_ISA_USAGE = YES_ERROR;
				CLANG_WARN_EMPTY_BODY = YES;
				CLANG_WARN_ENUM_CONVERSION = YES;
				CLANG_WARN_INT_CONVERSION = YES;
				CLANG_WARN_OBJC_ROOT_CLASS = YES_ERROR;
				CLANG_WARN_UNREACHABLE_CODE = YES;
				CLANG_WARN__DUPLICATE_METHOD_MATCH = YES;
				"CODE_SIGN_IDENTITY[sdk=iphoneos*]" = "iPhone Developer";
				COPY_PHASE_STRIP = YES;
				ENABLE_NS_ASSERTIONS = NO;
				ENABLE_STRICT_OBJC_MSGSEND = YES;
				GCC_C_LANGUAGE_STANDARD = gnu99;
				GCC_WARN_64_TO_32_BIT_CONVERSION = YES;
				GCC_WARN_ABOUT_RETURN_TYPE = YES_ERROR;
				GCC_WARN_UNDECLARED_SELECTOR = YES;
				GCC_WARN_UNINITIALIZED_AUTOS = YES_AGGRESSIVE;
				GCC_WARN_UNUSED_FUNCTION = YES;
				GCC_WARN_UNUSED_VARIABLE = YES;
				IPHONEOS_DEPLOYMENT_TARGET = 8.1;
				MTL_ENABLE_DEBUG_INFO = NO;
				SDKROOT = iphoneos;
				VALIDATE_PRODUCT = YES;
			};
			name = Release;
		};
		4264EAF61A1BE7A70028078D /* Debug */ = {
			isa = XCBuildConfiguration;
			buildSettings = {
				ASSETCATALOG_COMPILER_APPICON_NAME = AppIcon;
				INFOPLIST_FILE = Mix/Info.plist;
				IPHONEOS_DEPLOYMENT_TARGET = 8.0;
				LD_RUNPATH_SEARCH_PATHS = "$(inherited) @executable_path/Frameworks";
				PRODUCT_NAME = "$(TARGET_NAME)";
			};
			name = Debug;
		};
		4264EAF71A1BE7A70028078D /* Release */ = {
			isa = XCBuildConfiguration;
			buildSettings = {
				ASSETCATALOG_COMPILER_APPICON_NAME = AppIcon;
				INFOPLIST_FILE = Mix/Info.plist;
				IPHONEOS_DEPLOYMENT_TARGET = 8.0;
				LD_RUNPATH_SEARCH_PATHS = "$(inherited) @executable_path/Frameworks";
				PRODUCT_NAME = "$(TARGET_NAME)";
			};
			name = Release;
		};
		4264EAF91A1BE7A70028078D /* Debug */ = {
			isa = XCBuildConfiguration;
			buildSettings = {
				BUNDLE_LOADER = "$(TEST_HOST)";
				FRAMEWORK_SEARCH_PATHS = (
					"$(SDKROOT)/Developer/Library/Frameworks",
					"$(inherited)",
				);
				GCC_PREPROCESSOR_DEFINITIONS = (
					"DEBUG=1",
					"$(inherited)",
				);
				INFOPLIST_FILE = MixTests/Info.plist;
				LD_RUNPATH_SEARCH_PATHS = "$(inherited) @executable_path/Frameworks @loader_path/Frameworks";
				PRODUCT_NAME = "$(TARGET_NAME)";
				TEST_HOST = "$(BUILT_PRODUCTS_DIR)/Mix.app/Mix";
			};
			name = Debug;
		};
		4264EAFA1A1BE7A70028078D /* Release */ = {
			isa = XCBuildConfiguration;
			buildSettings = {
				BUNDLE_LOADER = "$(TEST_HOST)";
				FRAMEWORK_SEARCH_PATHS = (
					"$(SDKROOT)/Developer/Library/Frameworks",
					"$(inherited)",
				);
				INFOPLIST_FILE = MixTests/Info.plist;
				LD_RUNPATH_SEARCH_PATHS = "$(inherited) @executable_path/Frameworks @loader_path/Frameworks";
				PRODUCT_NAME = "$(TARGET_NAME)";
				TEST_HOST = "$(BUILT_PRODUCTS_DIR)/Mix.app/Mix";
			};
			name = Release;
		};
/* End XCBuildConfiguration section */

/* Begin XCConfigurationList section */
		4264EACA1A1BE7A70028078D /* Build configuration list for PBXProject "Mix" */ = {
			isa = XCConfigurationList;
			buildConfigurations = (
				4264EAF31A1BE7A70028078D /* Debug */,
				4264EAF41A1BE7A70028078D /* Release */,
			);
			defaultConfigurationIsVisible = 0;
			defaultConfigurationName = Release;
		};
		4264EAF51A1BE7A70028078D /* Build configuration list for PBXNativeTarget "Mix" */ = {
			isa = XCConfigurationList;
			buildConfigurations = (
				4264EAF61A1BE7A70028078D /* Debug */,
				4264EAF71A1BE7A70028078D /* Release */,
			);
			defaultConfigurationIsVisible = 0;
			defaultConfigurationName = Release;
		};
		4264EAF81A1BE7A70028078D /* Build configuration list for PBXNativeTarget "MixTests" */ = {
			isa = XCConfigurationList;
			buildConfigurations = (
				4264EAF91A1BE7A70028078D /* Debug */,
				4264EAFA1A1BE7A70028078D /* Release */,
			);
			defaultConfigurationIsVisible = 0;
			defaultConfigurationName = Release;
		};
/* End XCConfigurationList section */
	};
	rootObject = 4264EAC71A1BE7A70028078D /* Project object */;
}
